PODS:
  - clipboard_manager (0.0.3):
    - Flutter
  - connectivity (0.0.1):
    - Flutter
    - Reachability
  - Flutter (1.0.0)
  - keyboard_visibility (0.5.0):
    - Flutter
    - Reachability
  - Reachability (3.2)
  - url_launcher (0.0.1):
    - Flutter

DEPENDENCIES:
  - clipboard_manager (from `.symlinks/plugins/clipboard_manager/ios`)
  - connectivity (from `.symlinks/plugins/connectivity/ios`)
  - Flutter (from `.symlinks/flutter/ios-release`)
  - keyboard_visibility (from `.symlinks/plugins/keyboard_visibility/ios`)
  - url_launcher (from `.symlinks/plugins/url_launcher/ios`)

SPEC REPOS:
  https://github.com/CocoaPods/Specs.git:
    - Reachability

EXTERNAL SOURCES:
  clipboard_manager:
    :path: ".symlinks/plugins/clipboard_manager/ios"
  connectivity:
    :path: ".symlinks/plugins/connectivity/ios"
  Flutter:
    :path: ".symlinks/flutter/ios-release"
  keyboard_visibility:
    :path: ".symlinks/plugins/keyboard_visibility/ios"
  url_launcher:
    :path: ".symlinks/plugins/url_launcher/ios"

SPEC CHECKSUMS:
  clipboard_manager: f4800834e62cc26b1cc4e0a92a35cd452dd8b827
  connectivity: 6e94255659cc86dcbef1d452ad3e0491bb1b3e75
  Flutter: 0e3d915762c693b495b44d77113d4970485de6ec
  keyboard_visibility: 96a24de806fe6823c3ad956c01ba2ec6d056616f
  Reachability: 33e18b67625424e47b6cde6d202dce689ad7af96
  url_launcher: 0067ddb8f10d36786672aa0722a21717dba3a298

PODFILE CHECKSUM: 96ca8aac4c923679eb1628ac7f8fc0e9d1b15d67

COCOAPODS: 1.8.4
